
Microsoft Visual Studio Solution File, Format Version 12.00
Project("{FAE04EC0-301F-11D3-BF4B-00C04F79EFBC}") = "WebScraperML", "WebScraperML\WebScraperML.csproj", "{366DFCF4-F383-4E61-87C8-9A58232B338E}"
EndProject
Global
	GlobalSection(SolutionConfigurationPlatforms) = preSolution
		Debug|Any CPU = Debug|Any CPU
		Release|Any CPU = Release|Any CPU
	EndGlobalSection
	GlobalSection(ProjectConfigurationPlatforms) = postSolution
		{366DFCF4-F383-4E61-87C8-9A58232B338E}.Debug|Any CPU.ActiveCfg = Debug|Any CPU
		{366DFCF4-F383-4E61-87C8-9A58232B338E}.Debug|Any CPU.Build.0 = Debug|Any CPU
		{366DFCF4-F383-4E61-87C8-9A58232B338E}.Release|Any CPU.ActiveCfg = Release|Any CPU
		{366DFCF4-F383-4E61-87C8-9A58232B338E}.Release|Any CPU.Build.0 = Release|Any CPU
	EndGlobalSection
EndGlobal
